// !$*UTF8*$!
{
	archiveVersion = 1;
	classes = {
	};
	objectVersion = 56;
	objects = {

/* Begin PBXGroup section */
		4C0AFCEE3053C98F003512D9 = {
			isa = PBXGroup;
			children = (
			);
			sourceTree = "<group>";
		};
/* End PBXGroup section */

/* Begin PBXProject section */
		4C0AFCEF3053C98F003512D9 /* Project object */ = {
			isa = PBXProject;
			attributes = {
				BuildIndependentTargetsInParallel = 1;
				LastUpgradeCheck = 1520;
			};
			buildConfigurationList = 4C0AFCF23053C98F003512D9 /* Build configuration list for PBXProject "hexy-plexy" */;
			compatibilityVersion = "Xcode 14.0";
			developmentRegion = en;
			hasScannedForEncodings = 0;
			knownRegions = (
				en,
				Base,
			);
			mainGroup = 4C0AFCEE3053C98F003512D9;
			projectDirPath = "";
			projectRoot = "";
			targets = (
			);
		};
/* End PBXProject section */

/* Begin XCBuildConfiguration section */
		4C0AFCF33053C98F003512D9 /* Debug */ = {
			isa = XCBuildConfiguration;
			buildSettings = {
			};
			name = Debug;
		};
		4C0AFCF43053C98F003512D9 /* Release */ = {
			isa = XCBuildConfiguration;
			buildSettings = {
			};
			name = Release;
		};
/* End XCBuildConfiguration section */

/* Begin XCConfigurationList section */
		4C0AFCF23053C98F003512D9 /* Build configuration list for PBXProject "hexy-plexy" */ = {
			isa = XCConfigurationList;
			buildConfigurations = (
				4C0AFCF33053C98F003512D9 /* Debug */,
				4C0AFCF43053C98F003512D9 /* Release */,
			);
			defaultConfigurationIsVisible = 0;
			defaultConfigurationName = Release;
		};
/* End XCConfigurationList section */
	};
	rootObject = 4C0AFCEF3053C98F003512D9 /* Project object */;
}
