// !$*UTF8*$!
{
	archiveVersion = 1;
	classes = {
	};
	objectVersion = 77;
	objects = {

/* Begin PBXBuildFile section */
		064BD25453E4E4B844278323 /* InspectorView.swift in Sources */ = {isa = PBXBuildFile; fileRef = "TEMP_CC87B983-2F65-4DB4-91F8-CDA7A28CCACD" /* InspectorView.swift */; };
		0E2A2EC4F7BC1E93EE4F0052 /* MetadataManager.swift in Sources */ = {isa = PBXBuildFile; fileRef = "TEMP_B704DB20-CD44-4079-ABD5-5403885C37D8" /* MetadataManager.swift */; };
		10185F5718783123B6D05091 /* project.yml in Resources */ = {isa = PBXBuildFile; fileRef = "TEMP_6B6CBD78-0CB0-4678-AA83-C5C16FF78A81" /* project.yml */; };
		11AFF6BA36404584468D821D /* DataBuffer.swift in Sources */ = {isa = PBXBuildFile; fileRef = "TEMP_BFEC8175-5F33-42E5-8533-F939302038FE" /* DataBuffer.swift */; };
		13CD7205387D3016268DC34F /* BookmarkManager.swift in Sources */ = {isa = PBXBuildFile; fileRef = "TEMP_76981C8B-4422-4B06-983A-8887BB92A040" /* BookmarkManager.swift */; };
		18B50F89DA13393BC36CE767 /* StatisticsView.swift in Sources */ = {isa = PBXBuildFile; fileRef = "TEMP_83B92DCD-8BCB-4FD2-8AA5-A08A2FC29953" /* StatisticsView.swift */; };
		2077C625E3B1F33E7850DC8E /* ComparisonHexTextView.swift in Sources */ = {isa = PBXBuildFile; fileRef = "TEMP_C3648F8C-30A3-4A07-AAF8-5BAFD28E1B42" /* ComparisonHexTextView.swift */; };
		2430B3D413E602E72D93BD8F /* HexGridView.swift in Sources */ = {isa = PBXBuildFile; fileRef = "TEMP_3CCE090F-007D-4E13-BBDC-133A51B4CE02" /* HexGridView.swift */; };
		25B80789E290708FC5D69560 /* BitmapView.swift in Sources */ = {isa = PBXBuildFile; fileRef = "TEMP_FC50BE38-FFA6-41F6-95FD-5C0677EBA9E4" /* BitmapView.swift */; };
		2D34D531C3F72F97207F64F4 /* MetadataEditorView.swift in Sources */ = {isa = PBXBuildFile; fileRef = "TEMP_6CA1AD28-6249-4E51-9AE4-91A718B9EC0C" /* MetadataEditorView.swift */; };
		3AC29CA5EE4D30ABF9F24A69 /* JumpToOffsetView.swift in Sources */ = {isa = PBXBuildFile; fileRef = "TEMP_86FBA2AE-2C20-4EB5-935E-65FADD574F08" /* JumpToOffsetView.swift */; };
		411293D7FA235578AC3BCF7F /* HexTextView.swift in Sources */ = {isa = PBXBuildFile; fileRef = "TEMP_F4291E49-DB3D-4078-9B72-07F091126BD0" /* HexTextView.swift */; };
		4325CC1B925B7CBF0184A46D /* HexInputHelper.swift in Sources */ = {isa = PBXBuildFile; fileRef = "TEMP_6B900509-9AAD-4CDA-9604-D0C13B9BFAD0" /* HexInputHelper.swift */; };
		4B8753EE11D041B4DE4138FA /* BitmapRenderer.swift in Sources */ = {isa = PBXBuildFile; fileRef = "TEMP_6975CD21-4538-48DA-8198-B85DA01CD746" /* BitmapRenderer.swift */; };
		4BBD0D2BEDCA785E15E5C6EE /* DiffEngine.swift in Sources */ = {isa = PBXBuildFile; fileRef = "TEMP_08E8AEB4-F19A-4C8C-A34D-18784E0C1683" /* DiffEngine.swift */; };
		5320DBA77D1AAB08587E1246 /* StringExtractor.swift in Sources */ = {isa = PBXBuildFile; fileRef = "TEMP_F60EBFA2-4044-42D9-B793-2513EBE21B50" /* StringExtractor.swift */; };
		6555833B00BD97E770FA16DF /* ContentView.swift in Sources */ = {isa = PBXBuildFile; fileRef = "TEMP_3BC65E7D-A13F-409A-8D73-41755D364751" /* ContentView.swift */; };
		74BEDA7B7190317783B2D3FA /* ExportView.swift in Sources */ = {isa = PBXBuildFile; fileRef = "TEMP_82C4576B-65E9-46A8-9871-5CF473E0EC14" /* ExportView.swift */; };
		78BF5E6C3449D6B9018F3DF7 /* ComparisonHexGridView.swift in Sources */ = {isa = PBXBuildFile; fileRef = "TEMP_E38B9FDC-6F42-4DB4-B1FD-D43483A55183" /* ComparisonHexGridView.swift */; };
		90EB9A6D6E0DAB7061A12B00 /* ChecksumView.swift in Sources */ = {isa = PBXBuildFile; fileRef = "TEMP_4EDF4D23-229F-4513-B367-35FA3BD66618" /* ChecksumView.swift */; };
		9A1FD39BC31FA2CD83BFBF09 /* ComparisonContentView.swift in Sources */ = {isa = PBXBuildFile; fileRef = "TEMP_45C26002-D680-4531-AECE-9346A28BC05F" /* ComparisonContentView.swift */; };
		9C45B9A4DF6B89EA80EFB173 /* HexDocument.swift in Sources */ = {isa = PBXBuildFile; fileRef = "TEMP_05B32649-33BB-4333-ABFC-9112EBB9A190" /* HexDocument.swift */; };
		9F5F1706F1899E0D09EE2318 /* FileInfoView.swift in Sources */ = {isa = PBXBuildFile; fileRef = "TEMP_79325A71-B371-4908-B06C-B55895B1E5E2" /* FileInfoView.swift */; };
		A36B9DAC8D0FAC31688E5113 /* HxEditorApp.swift in Sources */ = {isa = PBXBuildFile; fileRef = "TEMP_D5B35B50-8801-42F1-9470-00F310CBDF35" /* HxEditorApp.swift */; };
		A6D8FCD770DD782DDA056F41 /* SearchView.swift in Sources */ = {isa = PBXBuildFile; fileRef = "TEMP_630DF546-B784-4CAF-A98E-7EF0C53D180C" /* SearchView.swift */; };
		A7D39966FAF0E257422D81C4 /* ByteColorScheme.swift in Sources */ = {isa = PBXBuildFile; fileRef = "TEMP_C5AA7FD5-131C-4095-9FA5-B7D145B7AD84" /* ByteColorScheme.swift */; };
		B44CFF6BD103EB54E086596E /* StringsView.swift in Sources */ = {isa = PBXBuildFile; fileRef = "TEMP_9AB9A2B1-AFC9-4EB5-9609-7F52C60B414F" /* StringsView.swift */; };
		DF76D98471D7CB58EFC772BB /* StatusBarView.swift in Sources */ = {isa = PBXBuildFile; fileRef = "TEMP_F30E9334-4A82-48D1-B505-D19D2C8B9C7C" /* StatusBarView.swift */; };
		F09184F58EDEAE9AE7AECA00 /* QuickActionsView.swift in Sources */ = {isa = PBXBuildFile; fileRef = "TEMP_A0995AE2-E85B-4F04-A16C-FF7DC9398760" /* QuickActionsView.swift */; };
		F7F1DBE653B74B8C83A48DF9 /* InsertDataView.swift in Sources */ = {isa = PBXBuildFile; fileRef = "TEMP_31C61B69-2AAF-4E9B-8C4D-540BA1B7FDBB" /* InsertDataView.swift */; };
/* End PBXBuildFile section */

/* Begin PBXFileReference section */
		9D53817DA80884834A07CE48 /* Hexy-Plexy.app */ = {isa = PBXFileReference; explicitFileType = wrapper.application; includeInIndex = 0; path = "Hexy-Plexy.app"; sourceTree = BUILT_PRODUCTS_DIR; };
		"TEMP_05B32649-33BB-4333-ABFC-9112EBB9A190" /* HexDocument.swift */ = {isa = PBXFileReference; lastKnownFileType = sourcecode.swift; path = HexDocument.swift; sourceTree = "<group>"; };
		"TEMP_08E8AEB4-F19A-4C8C-A34D-18784E0C1683" /* DiffEngine.swift */ = {isa = PBXFileReference; lastKnownFileType = sourcecode.swift; path = DiffEngine.swift; sourceTree = "<group>"; };
		"TEMP_31C61B69-2AAF-4E9B-8C4D-540BA1B7FDBB" /* InsertDataView.swift */ = {isa = PBXFileReference; lastKnownFileType = sourcecode.swift; path = InsertDataView.swift; sourceTree = "<group>"; };
		"TEMP_3BC65E7D-A13F-409A-8D73-41755D364751" /* ContentView.swift */ = {isa = PBXFileReference; lastKnownFileType = sourcecode.swift; path = ContentView.swift; sourceTree = "<group>"; };
		"TEMP_3CCE090F-007D-4E13-BBDC-133A51B4CE02" /* HexGridView.swift */ = {isa = PBXFileReference; lastKnownFileType = sourcecode.swift; path = HexGridView.swift; sourceTree = "<group>"; };
		"TEMP_45C26002-D680-4531-AECE-9346A28BC05F" /* ComparisonContentView.swift */ = {isa = PBXFileReference; lastKnownFileType = sourcecode.swift; path = ComparisonContentView.swift; sourceTree = "<group>"; };
		"TEMP_4EDF4D23-229F-4513-B367-35FA3BD66618" /* ChecksumView.swift */ = {isa = PBXFileReference; lastKnownFileType = sourcecode.swift; path = ChecksumView.swift; sourceTree = "<group>"; };
		"TEMP_630DF546-B784-4CAF-A98E-7EF0C53D180C" /* SearchView.swift */ = {isa = PBXFileReference; lastKnownFileType = sourcecode.swift; path = SearchView.swift; sourceTree = "<group>"; };
		"TEMP_6975CD21-4538-48DA-8198-B85DA01CD746" /* BitmapRenderer.swift */ = {isa = PBXFileReference; lastKnownFileType = sourcecode.swift; path = BitmapRenderer.swift; sourceTree = "<group>"; };
		"TEMP_6B6CBD78-0CB0-4678-AA83-C5C16FF78A81" /* project.yml */ = {isa = PBXFileReference; lastKnownFileType = text.yaml; path = project.yml; sourceTree = "<group>"; };
		"TEMP_6B900509-9AAD-4CDA-9604-D0C13B9BFAD0" /* HexInputHelper.swift */ = {isa = PBXFileReference; lastKnownFileType = sourcecode.swift; path = HexInputHelper.swift; sourceTree = "<group>"; };
		"TEMP_6CA1AD28-6249-4E51-9AE4-91A718B9EC0C" /* MetadataEditorView.swift */ = {isa = PBXFileReference; lastKnownFileType = sourcecode.swift; path = MetadataEditorView.swift; sourceTree = "<group>"; };
		"TEMP_76981C8B-4422-4B06-983A-8887BB92A040" /* BookmarkManager.swift */ = {isa = PBXFileReference; lastKnownFileType = sourcecode.swift; path = BookmarkManager.swift; sourceTree = "<group>"; };
		"TEMP_79325A71-B371-4908-B06C-B55895B1E5E2" /* FileInfoView.swift */ = {isa = PBXFileReference; lastKnownFileType = sourcecode.swift; path = FileInfoView.swift; sourceTree = "<group>"; };
		"TEMP_82C4576B-65E9-46A8-9871-5CF473E0EC14" /* ExportView.swift */ = {isa = PBXFileReference; lastKnownFileType = sourcecode.swift; path = ExportView.swift; sourceTree = "<group>"; };
		"TEMP_83B92DCD-8BCB-4FD2-8AA5-A08A2FC29953" /* StatisticsView.swift */ = {isa = PBXFileReference; lastKnownFileType = sourcecode.swift; path = StatisticsView.swift; sourceTree = "<group>"; };
		"TEMP_86FBA2AE-2C20-4EB5-935E-65FADD574F08" /* JumpToOffsetView.swift */ = {isa = PBXFileReference; lastKnownFileType = sourcecode.swift; path = JumpToOffsetView.swift; sourceTree = "<group>"; };
		"TEMP_9AB9A2B1-AFC9-4EB5-9609-7F52C60B414F" /* StringsView.swift */ = {isa = PBXFileReference; lastKnownFileType = sourcecode.swift; path = StringsView.swift; sourceTree = "<group>"; };
		"TEMP_A0995AE2-E85B-4F04-A16C-FF7DC9398760" /* QuickActionsView.swift */ = {isa = PBXFileReference; lastKnownFileType = sourcecode.swift; path = QuickActionsView.swift; sourceTree = "<group>"; };
		"TEMP_AAAA0DA8-89E6-44B3-A12F-1C219F8657D8" /* .gitignore */ = {isa = PBXFileReference; path = .gitignore; sourceTree = "<group>"; };
		"TEMP_B704DB20-CD44-4079-ABD5-5403885C37D8" /* MetadataManager.swift */ = {isa = PBXFileReference; lastKnownFileType = sourcecode.swift; path = MetadataManager.swift; sourceTree = "<group>"; };
		"TEMP_BFEC8175-5F33-42E5-8533-F939302038FE" /* DataBuffer.swift */ = {isa = PBXFileReference; lastKnownFileType = sourcecode.swift; path = DataBuffer.swift; sourceTree = "<group>"; };
		"TEMP_C3648F8C-30A3-4A07-AAF8-5BAFD28E1B42" /* ComparisonHexTextView.swift */ = {isa = PBXFileReference; lastKnownFileType = sourcecode.swift; path = ComparisonHexTextView.swift; sourceTree = "<group>"; };
		"TEMP_C5AA7FD5-131C-4095-9FA5-B7D145B7AD84" /* ByteColorScheme.swift */ = {isa = PBXFileReference; lastKnownFileType = sourcecode.swift; path = ByteColorScheme.swift; sourceTree = "<group>"; };
		"TEMP_CC87B983-2F65-4DB4-91F8-CDA7A28CCACD" /* InspectorView.swift */ = {isa = PBXFileReference; lastKnownFileType = sourcecode.swift; path = InspectorView.swift; sourceTree = "<group>"; };
		"TEMP_D5B35B50-8801-42F1-9470-00F310CBDF35" /* HxEditorApp.swift */ = {isa = PBXFileReference; lastKnownFileType = sourcecode.swift; path = HxEditorApp.swift; sourceTree = "<group>"; };
		"TEMP_E38B9FDC-6F42-4DB4-B1FD-D43483A55183" /* ComparisonHexGridView.swift */ = {isa = PBXFileReference; lastKnownFileType = sourcecode.swift; path = ComparisonHexGridView.swift; sourceTree = "<group>"; };
		"TEMP_F30E9334-4A82-48D1-B505-D19D2C8B9C7C" /* StatusBarView.swift */ = {isa = PBXFileReference; lastKnownFileType = sourcecode.swift; path = StatusBarView.swift; sourceTree = "<group>"; };
		"TEMP_F4291E49-DB3D-4078-9B72-07F091126BD0" /* HexTextView.swift */ = {isa = PBXFileReference; lastKnownFileType = sourcecode.swift; path = HexTextView.swift; sourceTree = "<group>"; };
		"TEMP_F60EBFA2-4044-42D9-B793-2513EBE21B50" /* StringExtractor.swift */ = {isa = PBXFileReference; lastKnownFileType = sourcecode.swift; path = StringExtractor.swift; sourceTree = "<group>"; };
		"TEMP_FC50BE38-FFA6-41F6-95FD-5C0677EBA9E4" /* BitmapView.swift */ = {isa = PBXFileReference; lastKnownFileType = sourcecode.swift; path = BitmapView.swift; sourceTree = "<group>"; };
/* End PBXFileReference section */

/* Begin PBXGroup section */
		3BE74BE36A146DD6FAA5838B /* Products */ = {
			isa = PBXGroup;
			children = (
				9D53817DA80884834A07CE48 /* Hexy-Plexy.app */,
			);
			name = Products;
			sourceTree = "<group>";
		};
		6C2FCE7B2BB0CC9372689BFD = {
			isa = PBXGroup;
			children = (
				3BE74BE36A146DD6FAA5838B /* Products */,
			);
			sourceTree = "<group>";
		};
		"TEMP_151CB10E-2A72-4C1D-B91F-6F4EA6AEB2F4" /* . */ = {
			isa = PBXGroup;
			children = (
				"TEMP_05B32649-33BB-4333-ABFC-9112EBB9A190" /* HexDocument.swift */,
				"TEMP_4EDF4D23-229F-4513-B367-35FA3BD66618" /* ChecksumView.swift */,
				"TEMP_F4291E49-DB3D-4078-9B72-07F091126BD0" /* HexTextView.swift */,
				"TEMP_C3648F8C-30A3-4A07-AAF8-5BAFD28E1B42" /* ComparisonHexTextView.swift */,
				"TEMP_630DF546-B784-4CAF-A98E-7EF0C53D180C" /* SearchView.swift */,
				"TEMP_31C61B69-2AAF-4E9B-8C4D-540BA1B7FDBB" /* InsertDataView.swift */,
				"TEMP_FC50BE38-FFA6-41F6-95FD-5C0677EBA9E4" /* BitmapView.swift */,
				"TEMP_6CA1AD28-6249-4E51-9AE4-91A718B9EC0C" /* MetadataEditorView.swift */,
				"TEMP_83B92DCD-8BCB-4FD2-8AA5-A08A2FC29953" /* StatisticsView.swift */,
				"TEMP_E38B9FDC-6F42-4DB4-B1FD-D43483A55183" /* ComparisonHexGridView.swift */,
				"TEMP_3CCE090F-007D-4E13-BBDC-133A51B4CE02" /* HexGridView.swift */,
				"TEMP_79325A71-B371-4908-B06C-B55895B1E5E2" /* FileInfoView.swift */,
				"TEMP_6B6CBD78-0CB0-4678-AA83-C5C16FF78A81" /* project.yml */,
				"TEMP_CC87B983-2F65-4DB4-91F8-CDA7A28CCACD" /* InspectorView.swift */,
				"TEMP_6B900509-9AAD-4CDA-9604-D0C13B9BFAD0" /* HexInputHelper.swift */,
				"TEMP_9AB9A2B1-AFC9-4EB5-9609-7F52C60B414F" /* StringsView.swift */,
				"TEMP_F60EBFA2-4044-42D9-B793-2513EBE21B50" /* StringExtractor.swift */,
				"TEMP_C5AA7FD5-131C-4095-9FA5-B7D145B7AD84" /* ByteColorScheme.swift */,
				"TEMP_82C4576B-65E9-46A8-9871-5CF473E0EC14" /* ExportView.swift */,
				"TEMP_AAAA0DA8-89E6-44B3-A12F-1C219F8657D8" /* .gitignore */,
				"TEMP_BFEC8175-5F33-42E5-8533-F939302038FE" /* DataBuffer.swift */,
				"TEMP_08E8AEB4-F19A-4C8C-A34D-18784E0C1683" /* DiffEngine.swift */,
				"TEMP_B704DB20-CD44-4079-ABD5-5403885C37D8" /* MetadataManager.swift */,
				"TEMP_D5B35B50-8801-42F1-9470-00F310CBDF35" /* HxEditorApp.swift */,
				"TEMP_F30E9334-4A82-48D1-B505-D19D2C8B9C7C" /* StatusBarView.swift */,
				"TEMP_6975CD21-4538-48DA-8198-B85DA01CD746" /* BitmapRenderer.swift */,
				"TEMP_A0995AE2-E85B-4F04-A16C-FF7DC9398760" /* QuickActionsView.swift */,
				"TEMP_3BC65E7D-A13F-409A-8D73-41755D364751" /* ContentView.swift */,
				"TEMP_86FBA2AE-2C20-4EB5-935E-65FADD574F08" /* JumpToOffsetView.swift */,
				"TEMP_45C26002-D680-4531-AECE-9346A28BC05F" /* ComparisonContentView.swift */,
				"TEMP_76981C8B-4422-4B06-983A-8887BB92A040" /* BookmarkManager.swift */,
			);
			name = .;
			path = .;
			sourceTree = "<group>";
		};
/* End PBXGroup section */

/* Begin PBXNativeTarget section */
		179335C20ACD85FF6628F59B /* Hexy-Plexy */ = {
			isa = PBXNativeTarget;
			buildConfigurationList = 72F1056F82B7B2E9E9D7ED2C /* Build configuration list for PBXNativeTarget "Hexy-Plexy" */;
			buildPhases = (
				089B9B22575D8ADDA2F60F90 /* Sources */,
				8B430172FCEDD54B94A3AC8B /* Resources */,
			);
			buildRules = (
			);
			dependencies = (
			);
			name = "Hexy-Plexy";
			packageProductDependencies = (
			);
			productName = "Hexy-Plexy";
			productReference = 9D53817DA80884834A07CE48 /* Hexy-Plexy.app */;
			productType = "com.apple.product-type.application";
		};
/* End PBXNativeTarget section */

/* Begin PBXProject section */
		680419C40DC7B3EE5328CF02 /* Project object */ = {
			isa = PBXProject;
			attributes = {
				BuildIndependentTargetsInParallel = YES;
				LastUpgradeCheck = 1520;
				TargetAttributes = {
				};
			};
			buildConfigurationList = 75B80DBA72B841A03AFF883D /* Build configuration list for PBXProject "Hexy-Plexy" */;
			developmentRegion = en;
			hasScannedForEncodings = 0;
			knownRegions = (
				Base,
				en,
			);
			mainGroup = 6C2FCE7B2BB0CC9372689BFD;
			minimizedProjectReferenceProxies = 1;
			preferredProjectObjectVersion = 77;
			productRefGroup = 3BE74BE36A146DD6FAA5838B /* Products */;
			projectDirPath = "";
			projectRoot = "";
			targets = (
				179335C20ACD85FF6628F59B /* Hexy-Plexy */,
			);
		};
/* End PBXProject section */

/* Begin PBXResourcesBuildPhase section */
		8B430172FCEDD54B94A3AC8B /* Resources */ = {
			isa = PBXResourcesBuildPhase;
			buildActionMask = 2147483647;
			files = (
				10185F5718783123B6D05091 /* project.yml in Resources */,
			);
			runOnlyForDeploymentPostprocessing = 0;
		};
/* End PBXResourcesBuildPhase section */

/* Begin PBXSourcesBuildPhase section */
		089B9B22575D8ADDA2F60F90 /* Sources */ = {
			isa = PBXSourcesBuildPhase;
			buildActionMask = 2147483647;
			files = (
				4B8753EE11D041B4DE4138FA /* BitmapRenderer.swift in Sources */,
				25B80789E290708FC5D69560 /* BitmapView.swift in Sources */,
				13CD7205387D3016268DC34F /* BookmarkManager.swift in Sources */,
				A7D39966FAF0E257422D81C4 /* ByteColorScheme.swift in Sources */,
				90EB9A6D6E0DAB7061A12B00 /* ChecksumView.swift in Sources */,
				9A1FD39BC31FA2CD83BFBF09 /* ComparisonContentView.swift in Sources */,
				78BF5E6C3449D6B9018F3DF7 /* ComparisonHexGridView.swift in Sources */,
				2077C625E3B1F33E7850DC8E /* ComparisonHexTextView.swift in Sources */,
				6555833B00BD97E770FA16DF /* ContentView.swift in Sources */,
				11AFF6BA36404584468D821D /* DataBuffer.swift in Sources */,
				4BBD0D2BEDCA785E15E5C6EE /* DiffEngine.swift in Sources */,
				74BEDA7B7190317783B2D3FA /* ExportView.swift in Sources */,
				9F5F1706F1899E0D09EE2318 /* FileInfoView.swift in Sources */,
				9C45B9A4DF6B89EA80EFB173 /* HexDocument.swift in Sources */,
				2430B3D413E602E72D93BD8F /* HexGridView.swift in Sources */,
				4325CC1B925B7CBF0184A46D /* HexInputHelper.swift in Sources */,
				411293D7FA235578AC3BCF7F /* HexTextView.swift in Sources */,
				A36B9DAC8D0FAC31688E5113 /* HxEditorApp.swift in Sources */,
				F7F1DBE653B74B8C83A48DF9 /* InsertDataView.swift in Sources */,
				064BD25453E4E4B844278323 /* InspectorView.swift in Sources */,
				3AC29CA5EE4D30ABF9F24A69 /* JumpToOffsetView.swift in Sources */,
				2D34D531C3F72F97207F64F4 /* MetadataEditorView.swift in Sources */,
				0E2A2EC4F7BC1E93EE4F0052 /* MetadataManager.swift in Sources */,
				F09184F58EDEAE9AE7AECA00 /* QuickActionsView.swift in Sources */,
				A6D8FCD770DD782DDA056F41 /* SearchView.swift in Sources */,
				18B50F89DA13393BC36CE767 /* StatisticsView.swift in Sources */,
				DF76D98471D7CB58EFC772BB /* StatusBarView.swift in Sources */,
				5320DBA77D1AAB08587E1246 /* StringExtractor.swift in Sources */,
				B44CFF6BD103EB54E086596E /* StringsView.swift in Sources */,
			);
			runOnlyForDeploymentPostprocessing = 0;
		};
/* End PBXSourcesBuildPhase section */

/* Begin XCBuildConfiguration section */
		04E6E760ABC6DCB090EEB578 /* Release */ = {
			isa = XCBuildConfiguration;
			buildSettings = {
				ARCHS = "$(ARCHS_STANDARD)";
				CODE_SIGN_ENTITLEMENTS = "Hexy-Plexy.entitlements";
				ENABLE_HARDENED_RUNTIME = YES;
				INFOPLIST_FILE = Info.plist;
				MACOSX_DEPLOYMENT_TARGET = 13.0;
				PRODUCT_BUNDLE_IDENTIFIER = "ergo.sum.coge.hexy-plexy";
				PRODUCT_NAME = "Hexy-Plexy";
				SWIFT_VERSION = 5.9;
			};
			name = Release;
		};
		1E2B6AF08E58ACE6636AE428 /* Release */ = {
			isa = XCBuildConfiguration;
			buildSettings = {
				MACOSX_DEPLOYMENT_TARGET = 13.0;
				SDKROOT = macosx;
			};
			name = Release;
		};
		D97509FB174A288C24138255 /* Debug */ = {
			isa = XCBuildConfiguration;
			buildSettings = {
				ARCHS = "$(ARCHS_STANDARD)";
				CODE_SIGN_ENTITLEMENTS = "Hexy-Plexy.entitlements";
				ENABLE_HARDENED_RUNTIME = YES;
				INFOPLIST_FILE = Info.plist;
				MACOSX_DEPLOYMENT_TARGET = 13.0;
				PRODUCT_BUNDLE_IDENTIFIER = "ergo.sum.coge.hexy-plexy";
				PRODUCT_NAME = "Hexy-Plexy";
				SWIFT_VERSION = 5.9;
			};
			name = Debug;
		};
		EA1279961A8CCF094FF6EBFD /* Debug */ = {
			isa = XCBuildConfiguration;
			buildSettings = {
				MACOSX_DEPLOYMENT_TARGET = 13.0;
				SDKROOT = macosx;
			};
			name = Debug;
		};
/* End XCBuildConfiguration section */

/* Begin XCConfigurationList section */
		72F1056F82B7B2E9E9D7ED2C /* Build configuration list for PBXNativeTarget "Hexy-Plexy" */ = {
			isa = XCConfigurationList;
			buildConfigurations = (
				D97509FB174A288C24138255 /* Debug */,
				04E6E760ABC6DCB090EEB578 /* Release */,
			);
			defaultConfigurationIsVisible = 0;
			defaultConfigurationName = Debug;
		};
		75B80DBA72B841A03AFF883D /* Build configuration list for PBXProject "Hexy-Plexy" */ = {
			isa = XCConfigurationList;
			buildConfigurations = (
				EA1279961A8CCF094FF6EBFD /* Debug */,
				1E2B6AF08E58ACE6636AE428 /* Release */,
			);
			defaultConfigurationIsVisible = 0;
			defaultConfigurationName = Debug;
		};
/* End XCConfigurationList section */
	};
	rootObject = 680419C40DC7B3EE5328CF02 /* Project object */;
}
